
Microsoft Visual Studio Solution File, Format Version 12.00
# Visual Studio Version 17
VisualStudioVersion = 17.0.31903.59
MinimumVisualStudioVersion = 10.0.40219.1
Project("{2150E333-8FDC-42A3-9474-1A3956D46DE8}") = "src", "src", "{827E0CD3-B72D-47B6-A68D-7590B98EB39B}"
EndProject
Project("{FAE04EC0-301F-11D3-BF4B-00C04F79EFBC}") = "NetPulse.Core", "src\NetPulse.Core\NetPulse.Core.csproj", "{1068D1C0-9F21-45E3-92FC-2C93498C6A8A}"
EndProject
Project("{FAE04EC0-301F-11D3-BF4B-00C04F79EFBC}") = "NetPulse.Infrastructure", "src\NetPulse.Infrastructure\NetPulse.Infrastructure.csproj", "{8F59B5AB-E7C6-4E40-A8FC-BD7753BA1515}"
EndProject
Project("{FAE04EC0-301F-11D3-BF4B-00C04F79EFBC}") = "NetPulse.App", "src\NetPulse.App\NetPulse.App.csproj", "{2F8DB52F-F9EC-4BEF-8F10-2C73D5122729}"
EndProject
Project("{2150E333-8FDC-42A3-9474-1A3956D46DE8}") = "tests", "tests", "{0AB3BF05-4346-4AA6-1389-037BE0695223}"
EndProject
Project("{FAE04EC0-301F-11D3-BF4B-00C04F79EFBC}") = "NetPulse.Core.Tests", "tests\NetPulse.Core.Tests\NetPulse.Core.Tests.csproj", "{D8E0B6FF-2078-4D55-91A1-D0FEC43306A9}"
EndProject
Project("{FAE04EC0-301F-11D3-BF4B-00C04F79EFBC}") = "NetPulse.Infrastructure.Tests", "tests\NetPulse.Infrastructure.Tests\NetPulse.Infrastructure.Tests.csproj", "{974FAE33-1DD8-49BF-A703-BB681C986083}"
EndProject
Project("{FAE04EC0-301F-11D3-BF4B-00C04F79EFBC}") = "NetPulse.App.Tests", "tests\NetPulse.App.Tests\NetPulse.App.Tests.csproj", "{C96FFEE5-B9C3-4E3A-AF03-DE9813F9B832}"
EndProject
Global
	GlobalSection(SolutionConfigurationPlatforms) = preSolution
		Debug|Any CPU = Debug|Any CPU
		Debug|x64 = Debug|x64
		Debug|x86 = Debug|x86
		Release|Any CPU = Release|Any CPU
		Release|x64 = Release|x64
		Release|x86 = Release|x86
	EndGlobalSection
	GlobalSection(ProjectConfigurationPlatforms) = postSolution
		{1068D1C0-9F21-45E3-92FC-2C93498C6A8A}.Debug|Any CPU.ActiveCfg = Debug|Any CPU
		{1068D1C0-9F21-45E3-92FC-2C93498C6A8A}.Debug|Any CPU.Build.0 = Debug|Any CPU
		{1068D1C0-9F21-45E3-92FC-2C93498C6A8A}.Debug|x64.ActiveCfg = Debug|Any CPU
		{1068D1C0-9F21-45E3-92FC-2C93498C6A8A}.Debug|x64.Build.0 = Debug|Any CPU
		{1068D1C0-9F21-45E3-92FC-2C93498C6A8A}.Debug|x86.ActiveCfg = Debug|Any CPU
		{1068D1C0-9F21-45E3-92FC-2C93498C6A8A}.Debug|x86.Build.0 = Debug|Any CPU
		{1068D1C0-9F21-45E3-92FC-2C93498C6A8A}.Release|Any CPU.ActiveCfg = Release|Any CPU
		{1068D1C0-9F21-45E3-92FC-2C93498C6A8A}.Release|Any CPU.Build.0 = Release|Any CPU
		{1068D1C0-9F21-45E3-92FC-2C93498C6A8A}.Release|x64.ActiveCfg = Release|Any CPU
		{1068D1C0-9F21-45E3-92FC-2C93498C6A8A}.Release|x64.Build.0 = Release|Any CPU
		{1068D1C0-9F21-45E3-92FC-2C93498C6A8A}.Release|x86.ActiveCfg = Release|Any CPU
		{1068D1C0-9F21-45E3-92FC-2C93498C6A8A}.Release|x86.Build.0 = Release|Any CPU
		{8F59B5AB-E7C6-4E40-A8FC-BD7753BA1515}.Debug|Any CPU.ActiveCfg = Debug|Any CPU
		{8F59B5AB-E7C6-4E40-A8FC-BD7753BA1515}.Debug|Any CPU.Build.0 = Debug|Any CPU
		{8F59B5AB-E7C6-4E40-A8FC-BD7753BA1515}.Debug|x64.ActiveCfg = Debug|Any CPU
		{8F59B5AB-E7C6-4E40-A8FC-BD7753BA1515}.Debug|x64.Build.0 = Debug|Any CPU
		{8F59B5AB-E7C6-4E40-A8FC-BD7753BA1515}.Debug|x86.ActiveCfg = Debug|Any CPU
		{8F59B5AB-E7C6-4E40-A8FC-BD7753BA1515}.Debug|x86.Build.0 = Debug|Any CPU
		{8F59B5AB-E7C6-4E40-A8FC-BD7753BA1515}.Release|Any CPU.ActiveCfg = Release|Any CPU
		{8F59B5AB-E7C6-4E40-A8FC-BD7753BA1515}.Release|Any CPU.Build.0 = Release|Any CPU
		{8F59B5AB-E7C6-4E40-A8FC-BD7753BA1515}.Release|x64.ActiveCfg = Release|Any CPU
		{8F59B5AB-E7C6-4E40-A8FC-BD7753BA1515}.Release|x64.Build.0 = Release|Any CPU
		{8F59B5AB-E7C6-4E40-A8FC-BD7753BA1515}.Release|x86.ActiveCfg = Release|Any CPU
		{8F59B5AB-E7C6-4E40-A8FC-BD7753BA1515}.Release|x86.Build.0 = Release|Any CPU
		{2F8DB52F-F9EC-4BEF-8F10-2C73D5122729}.Debug|Any CPU.ActiveCfg = Debug|Any CPU
		{2F8DB52F-F9EC-4BEF-8F10-2C73D5122729}.Debug|Any CPU.Build.0 = Debug|Any CPU
		{2F8DB52F-F9EC-4BEF-8F10-2C73D5122729}.Debug|x64.ActiveCfg = Debug|Any CPU
		{2F8DB52F-F9EC-4BEF-8F10-2C73D5122729}.Debug|x64.Build.0 = Debug|Any CPU
		{2F8DB52F-F9EC-4BEF-8F10-2C73D5122729}.Debug|x86.ActiveCfg = Debug|Any CPU
		{2F8DB52F-F9EC-4BEF-8F10-2C73D5122729}.Debug|x86.Build.0 = Debug|Any CPU
		{2F8DB52F-F9EC-4BEF-8F10-2C73D5122729}.Release|Any CPU.ActiveCfg = Release|Any CPU
		{2F8DB52F-F9EC-4BEF-8F10-2C73D5122729}.Release|Any CPU.Build.0 = Release|Any CPU
		{2F8DB52F-F9EC-4BEF-8F10-2C73D5122729}.Release|x64.ActiveCfg = Release|Any CPU
		{2F8DB52F-F9EC-4BEF-8F10-2C73D5122729}.Release|x64.Build.0 = Release|Any CPU
		{2F8DB52F-F9EC-4BEF-8F10-2C73D5122729}.Release|x86.ActiveCfg = Release|Any CPU
		{2F8DB52F-F9EC-4BEF-8F10-2C73D5122729}.Release|x86.Build.0 = Release|Any CPU
		{D8E0B6FF-2078-4D55-91A1-D0FEC43306A9}.Debug|Any CPU.ActiveCfg = Debug|Any CPU
		{D8E0B6FF-2078-4D55-91A1-D0FEC43306A9}.Debug|Any CPU.Build.0 = Debug|Any CPU
		{D8E0B6FF-2078-4D55-91A1-D0FEC43306A9}.Debug|x64.ActiveCfg = Debug|Any CPU
		{D8E0B6FF-2078-4D55-91A1-D0FEC43306A9}.Debug|x64.Build.0 = Debug|Any CPU
		{D8E0B6FF-2078-4D55-91A1-D0FEC43306A9}.Debug|x86.ActiveCfg = Debug|Any CPU
		{D8E0B6FF-2078-4D55-91A1-D0FEC43306A9}.Debug|x86.Build.0 = Debug|Any CPU
		{D8E0B6FF-2078-4D55-91A1-D0FEC43306A9}.Release|Any CPU.ActiveCfg = Release|Any CPU
		{D8E0B6FF-2078-4D55-91A1-D0FEC43306A9}.Release|Any CPU.Build.0 = Release|Any CPU
		{D8E0B6FF-2078-4D55-91A1-D0FEC43306A9}.Release|x64.ActiveCfg = Release|Any CPU
		{D8E0B6FF-2078-4D55-91A1-D0FEC43306A9}.Release|x64.Build.0 = Release|Any CPU
		{D8E0B6FF-2078-4D55-91A1-D0FEC43306A9}.Release|x86.ActiveCfg = Release|Any CPU
		{D8E0B6FF-2078-4D55-91A1-D0FEC43306A9}.Release|x86.Build.0 = Release|Any CPU
		{974FAE33-1DD8-49BF-A703-BB681C986083}.Debug|Any CPU.ActiveCfg = Debug|Any CPU
		{974FAE33-1DD8-49BF-A703-BB681C986083}.Debug|Any CPU.Build.0 = Debug|Any CPU
		{974FAE33-1DD8-49BF-A703-BB681C986083}.Debug|x64.ActiveCfg = Debug|Any CPU
		{974FAE33-1DD8-49BF-A703-BB681C986083}.Debug|x64.Build.0 = Debug|Any CPU
		{974FAE33-1DD8-49BF-A703-BB681C986083}.Debug|x86.ActiveCfg = Debug|Any CPU
		{974FAE33-1DD8-49BF-A703-BB681C986083}.Debug|x86.Build.0 = Debug|Any CPU
		{974FAE33-1DD8-49BF-A703-BB681C986083}.Release|Any CPU.ActiveCfg = Release|Any CPU
		{974FAE33-1DD8-49BF-A703-BB681C986083}.Release|Any CPU.Build.0 = Release|Any CPU
		{974FAE33-1DD8-49BF-A703-BB681C986083}.Release|x64.ActiveCfg = Release|Any CPU
		{974FAE33-1DD8-49BF-A703-BB681C986083}.Release|x64.Build.0 = Release|Any CPU
		{974FAE33-1DD8-49BF-A703-BB681C986083}.Release|x86.ActiveCfg = Release|Any CPU
		{974FAE33-1DD8-49BF-A703-BB681C986083}.Release|x86.Build.0 = Release|Any CPU
		{C96FFEE5-B9C3-4E3A-AF03-DE9813F9B832}.Debug|Any CPU.ActiveCfg = Debug|Any CPU
		{C96FFEE5-B9C3-4E3A-AF03-DE9813F9B832}.Debug|Any CPU.Build.0 = Debug|Any CPU
		{C96FFEE5-B9C3-4E3A-AF03-DE9813F9B832}.Debug|x64.ActiveCfg = Debug|Any CPU
		{C96FFEE5-B9C3-4E3A-AF03-DE9813F9B832}.Debug|x64.Build.0 = Debug|Any CPU
		{C96FFEE5-B9C3-4E3A-AF03-DE9813F9B832}.Debug|x86.ActiveCfg = Debug|Any CPU
		{C96FFEE5-B9C3-4E3A-AF03-DE9813F9B832}.Debug|x86.Build.0 = Debug|Any CPU
		{C96FFEE5-B9C3-4E3A-AF03-DE9813F9B832}.Release|Any CPU.ActiveCfg = Release|Any CPU
		{C96FFEE5-B9C3-4E3A-AF03-DE9813F9B832}.Release|Any CPU.Build.0 = Release|Any CPU
		{C96FFEE5-B9C3-4E3A-AF03-DE9813F9B832}.Release|x64.ActiveCfg = Release|Any CPU
		{C96FFEE5-B9C3-4E3A-AF03-DE9813F9B832}.Release|x64.Build.0 = Release|Any CPU
		{C96FFEE5-B9C3-4E3A-AF03-DE9813F9B832}.Release|x86.ActiveCfg = Release|Any CPU
		{C96FFEE5-B9C3-4E3A-AF03-DE9813F9B832}.Release|x86.Build.0 = Release|Any CPU
	EndGlobalSection
	GlobalSection(SolutionProperties) = preSolution
		HideSolutionNode = FALSE
	EndGlobalSection
	GlobalSection(NestedProjects) = preSolution
		{1068D1C0-9F21-45E3-92FC-2C93498C6A8A} = {827E0CD3-B72D-47B6-A68D-7590B98EB39B}
		{8F59B5AB-E7C6-4E40-A8FC-BD7753BA1515} = {827E0CD3-B72D-47B6-A68D-7590B98EB39B}
		{2F8DB52F-F9EC-4BEF-8F10-2C73D5122729} = {827E0CD3-B72D-47B6-A68D-7590B98EB39B}
		{D8E0B6FF-2078-4D55-91A1-D0FEC43306A9} = {0AB3BF05-4346-4AA6-1389-037BE0695223}
		{974FAE33-1DD8-49BF-A703-BB681C986083} = {0AB3BF05-4346-4AA6-1389-037BE0695223}
		{C96FFEE5-B9C3-4E3A-AF03-DE9813F9B832} = {0AB3BF05-4346-4AA6-1389-037BE0695223}
	EndGlobalSection
EndGlobal
